
Microsoft Visual Studio Solution File, Format Version 12.00
# Visual Studio Version 17
VisualStudioVersion = 17.11.35312.102
MinimumVisualStudioVersion = 10.0.40219.1
Project("{9A19103F-16F7-4668-BE54-9A1E7A4F7556}") = "latvijas-pasts-mvc", "latvijas-pasts-mvc.csproj", "{D76EFB6E-C5DB-41EE-9B44-983A23152A36}"
EndProject
Global
	GlobalSection(SolutionConfigurationPlatforms) = preSolution
		Debug|Any CPU = Debug|Any CPU
		Release|Any CPU = Release|Any CPU
	EndGlobalSection
	GlobalSection(ProjectConfigurationPlatforms) = postSolution
		{D76EFB6E-C5DB-41EE-9B44-983A23152A36}.Debug|Any CPU.ActiveCfg = Debug|Any CPU
		{D76EFB6E-C5DB-41EE-9B44-983A23152A36}.Debug|Any CPU.Build.0 = Debug|Any CPU
		{D76EFB6E-C5DB-41EE-9B44-983A23152A36}.Release|Any CPU.ActiveCfg = Release|Any CPU
		{D76EFB6E-C5DB-41EE-9B44-983A23152A36}.Release|Any CPU.Build.0 = Release|Any CPU
	EndGlobalSection
	GlobalSection(SolutionProperties) = preSolution
		HideSolutionNode = FALSE
	EndGlobalSection
	GlobalSection(ExtensibilityGlobals) = postSolution
		SolutionGuid = {F32502F1-37E0-434F-8F0B-FED42265F455}
	EndGlobalSection
EndGlobal
